
Microsoft Visual Studio Solution File, Format Version 12.00
# Visual Studio Version 17
VisualStudioVersion = 17.12.35707.178
MinimumVisualStudioVersion = 10.0.40219.1
Project("{FAE04EC0-301F-11D3-BF4B-00C04F79EFBC}") = "BlazorAppTest2", "BlazorAppTest2\BlazorAppTest2\BlazorAppTest2.csproj", "{56C7E986-9C2F-45F3-8413-2BD6211E919B}"
EndProject
Project("{FAE04EC0-301F-11D3-BF4B-00C04F79EFBC}") = "BlazorAppTestREST_API", "BlazorAppTestREST_API\BlazorAppTestREST_API.csproj", "{06ACEC52-A7E6-4D80-B7B8-1EC12E8F9C7C}"
EndProject
Project("{FAE04EC0-301F-11D3-BF4B-00C04F79EFBC}") = "BlazorAppTest_Client", "BlazorAppTest_Client\BlazorAppTest_Client.csproj", "{188E7B44-C8C8-4038-A0EA-ED609898B6D5}"
EndProject
Global
	GlobalSection(SolutionConfigurationPlatforms) = preSolution
		Debug|Any CPU = Debug|Any CPU
		Release|Any CPU = Release|Any CPU
	EndGlobalSection
	GlobalSection(ProjectConfigurationPlatforms) = postSolution
		{56C7E986-9C2F-45F3-8413-2BD6211E919B}.Debug|Any CPU.ActiveCfg = Debug|Any CPU
		{56C7E986-9C2F-45F3-8413-2BD6211E919B}.Debug|Any CPU.Build.0 = Debug|Any CPU
		{56C7E986-9C2F-45F3-8413-2BD6211E919B}.Release|Any CPU.ActiveCfg = Release|Any CPU
		{56C7E986-9C2F-45F3-8413-2BD6211E919B}.Release|Any CPU.Build.0 = Release|Any CPU
		{06ACEC52-A7E6-4D80-B7B8-1EC12E8F9C7C}.Debug|Any CPU.ActiveCfg = Debug|Any CPU
		{06ACEC52-A7E6-4D80-B7B8-1EC12E8F9C7C}.Debug|Any CPU.Build.0 = Debug|Any CPU
		{06ACEC52-A7E6-4D80-B7B8-1EC12E8F9C7C}.Release|Any CPU.ActiveCfg = Release|Any CPU
		{06ACEC52-A7E6-4D80-B7B8-1EC12E8F9C7C}.Release|Any CPU.Build.0 = Release|Any CPU
		{188E7B44-C8C8-4038-A0EA-ED609898B6D5}.Debug|Any CPU.ActiveCfg = Debug|Any CPU
		{188E7B44-C8C8-4038-A0EA-ED609898B6D5}.Debug|Any CPU.Build.0 = Debug|Any CPU
		{188E7B44-C8C8-4038-A0EA-ED609898B6D5}.Release|Any CPU.ActiveCfg = Release|Any CPU
		{188E7B44-C8C8-4038-A0EA-ED609898B6D5}.Release|Any CPU.Build.0 = Release|Any CPU
	EndGlobalSection
	GlobalSection(SolutionProperties) = preSolution
		HideSolutionNode = FALSE
	EndGlobalSection
EndGlobal
